// !$*UTF8*$!
{
	archiveVersion = 1;
	classes = {
	};
	objectVersion = 46;
	objects = {

/* Begin PBXBuildFile section */
		3F50B9211D34E95400D6D4A3 /* Either.swift in Sources */ = {isa = PBXBuildFile; fileRef = 3F50B9201D34E95400D6D4A3 /* Either.swift */; };
		3F50B9231D34E96D00D6D4A3 /* Pizza.swift in Sources */ = {isa = PBXBuildFile; fileRef = 3F50B9221D34E96D00D6D4A3 /* Pizza.swift */; };
		3F50B9251D34E9E300D6D4A3 /* Ad.swift in Sources */ = {isa = PBXBuildFile; fileRef = 3F50B9241D34E9E300D6D4A3 /* Ad.swift */; };
		3F50B9271D34EA1100D6D4A3 /* Fixtures.swift in Sources */ = {isa = PBXBuildFile; fileRef = 3F50B9261D34EA1100D6D4A3 /* Fixtures.swift */; };
		3FB841161D308C50002F5E56 /* AppDelegate.swift in Sources */ = {isa = PBXBuildFile; fileRef = 3FB841151D308C50002F5E56 /* AppDelegate.swift */; };
		3FB841181D308C50002F5E56 /* ViewController.swift in Sources */ = {isa = PBXBuildFile; fileRef = 3FB841171D308C50002F5E56 /* ViewController.swift */; };
		3FB8411B1D308C50002F5E56 /* Main.storyboard in Resources */ = {isa = PBXBuildFile; fileRef = 3FB841191D308C50002F5E56 /* Main.storyboard */; };
		3FB8411D1D308C50002F5E56 /* Assets.xcassets in Resources */ = {isa = PBXBuildFile; fileRef = 3FB8411C1D308C50002F5E56 /* Assets.xcassets */; };
		3FB841201D308C50002F5E56 /* LaunchScreen.storyboard in Resources */ = {isa = PBXBuildFile; fileRef = 3FB8411E1D308C50002F5E56 /* LaunchScreen.storyboard */; };
/* End PBXBuildFile section */

/* Begin PBXFileReference section */
		3F50B9201D34E95400D6D4A3 /* Either.swift */ = {isa = PBXFileReference; fileEncoding = 4; lastKnownFileType = sourcecode.swift; path = Either.swift; sourceTree = "<group>"; };
		3F50B9221D34E96D00D6D4A3 /* Pizza.swift */ = {isa = PBXFileReference; fileEncoding = 4; lastKnownFileType = sourcecode.swift; path = Pizza.swift; sourceTree = "<group>"; };
		3F50B9241D34E9E300D6D4A3 /* Ad.swift */ = {isa = PBXFileReference; fileEncoding = 4; lastKnownFileType = sourcecode.swift; path = Ad.swift; sourceTree = "<group>"; };
		3F50B9261D34EA1100D6D4A3 /* Fixtures.swift */ = {isa = PBXFileReference; fileEncoding = 4; lastKnownFileType = sourcecode.swift; path = Fixtures.swift; sourceTree = "<group>"; };
		3FB841121D308C50002F5E56 /* TableViewEither.app */ = {isa = PBXFileReference; explicitFileType = wrapper.application; includeInIndex = 0; path = TableViewEither.app; sourceTree = BUILT_PRODUCTS_DIR; };
		3FB841151D308C50002F5E56 /* AppDelegate.swift */ = {isa = PBXFileReference; lastKnownFileType = sourcecode.swift; path = AppDelegate.swift; sourceTree = "<group>"; };
		3FB841171D308C50002F5E56 /* ViewController.swift */ = {isa = PBXFileReference; lastKnownFileType = sourcecode.swift; path = ViewController.swift; sourceTree = "<group>"; };
		3FB8411A1D308C50002F5E56 /* Base */ = {isa = PBXFileReference; lastKnownFileType = file.storyboard; name = Base; path = Base.lproj/Main.storyboard; sourceTree = "<group>"; };
		3FB8411C1D308C50002F5E56 /* Assets.xcassets */ = {isa = PBXFileReference; lastKnownFileType = folder.assetcatalog; path = Assets.xcassets; sourceTree = "<group>"; };
		3FB8411F1D308C50002F5E56 /* Base */ = {isa = PBXFileReference; lastKnownFileType = file.storyboard; name = Base; path = Base.lproj/LaunchScreen.storyboard; sourceTree = "<group>"; };
		3FB841211D308C50002F5E56 /* Info.plist */ = {isa = PBXFileReference; lastKnownFileType = text.plist.xml; path = Info.plist; sourceTree = "<group>"; };
/* End PBXFileReference section */

/* Begin PBXFrameworksBuildPhase section */
		3FB8410F1D308C50002F5E56 /* Frameworks */ = {
			isa = PBXFrameworksBuildPhase;
			buildActionMask = 2147483647;
			files = (
			);
			runOnlyForDeploymentPostprocessing = 0;
		};
/* End PBXFrameworksBuildPhase section */

/* Begin PBXGroup section */
		3FB841091D308C50002F5E56 = {
			isa = PBXGroup;
			children = (
				3FB841141D308C50002F5E56 /* TableViewEither */,
				3FB841131D308C50002F5E56 /* Products */,
			);
			indentWidth = 2;
			sourceTree = "<group>";
			tabWidth = 2;
		};
		3FB841131D308C50002F5E56 /* Products */ = {
			isa = PBXGroup;
			children = (
				3FB841121D308C50002F5E56 /* TableViewEither.app */,
			);
			name = Products;
			sourceTree = "<group>";
		};
		3FB841141D308C50002F5E56 /* TableViewEither */ = {
			isa = PBXGroup;
			children = (
				3FB841151D308C50002F5E56 /* AppDelegate.swift */,
				3FB841171D308C50002F5E56 /* ViewController.swift */,
				3FB841191D308C50002F5E56 /* Main.storyboard */,
				3FB8411C1D308C50002F5E56 /* Assets.xcassets */,
				3FB8411E1D308C50002F5E56 /* LaunchScreen.storyboard */,
				3FB841211D308C50002F5E56 /* Info.plist */,
				3F50B9201D34E95400D6D4A3 /* Either.swift */,
				3F50B9221D34E96D00D6D4A3 /* Pizza.swift */,
				3F50B9241D34E9E300D6D4A3 /* Ad.swift */,
				3F50B9261D34EA1100D6D4A3 /* Fixtures.swift */,
			);
			path = TableViewEither;
			sourceTree = "<group>";
		};
/* End PBXGroup section */

/* Begin PBXNativeTarget section */
		3FB841111D308C50002F5E56 /* TableViewEither */ = {
			isa = PBXNativeTarget;
			buildConfigurationList = 3FB841241D308C50002F5E56 /* Build configuration list for PBXNativeTarget "TableViewEither" */;
			buildPhases = (
				3FB8410E1D308C50002F5E56 /* Sources */,
				3FB8410F1D308C50002F5E56 /* Frameworks */,
				3FB841101D308C50002F5E56 /* Resources */,
			);
			buildRules = (
			);
			dependencies = (
			);
			name = TableViewEither;
			productName = TableViewEither;
			productReference = 3FB841121D308C50002F5E56 /* TableViewEither.app */;
			productType = "com.apple.product-type.application";
		};
/* End PBXNativeTarget section */

/* Begin PBXProject section */
		3FB8410A1D308C50002F5E56 /* Project object */ = {
			isa = PBXProject;
			attributes = {
				LastSwiftUpdateCheck = 0730;
				LastUpgradeCheck = 0730;
				ORGANIZATIONNAME = mokagio;
				TargetAttributes = {
					3FB841111D308C50002F5E56 = {
						CreatedOnToolsVersion = 7.3.1;
						LastSwiftMigration = 0800;
					};
				};
			};
			buildConfigurationList = 3FB8410D1D308C50002F5E56 /* Build configuration list for PBXProject "TableViewEither" */;
			compatibilityVersion = "Xcode 3.2";
			developmentRegion = English;
			hasScannedForEncodings = 0;
			knownRegions = (
				en,
				Base,
			);
			mainGroup = 3FB841091D308C50002F5E56;
			productRefGroup = 3FB841131D308C50002F5E56 /* Products */;
			projectDirPath = "";
			projectRoot = "";
			targets = (
				3FB841111D308C50002F5E56 /* TableViewEither */,
			);
		};
/* End PBXProject section */

/* Begin PBXResourcesBuildPhase section */
		3FB841101D308C50002F5E56 /* Resources */ = {
			isa = PBXResourcesBuildPhase;
			buildActionMask = 2147483647;
			files = (
				3FB841201D308C50002F5E56 /* LaunchScreen.storyboard in Resources */,
				3FB8411D1D308C50002F5E56 /* Assets.xcassets in Resources */,
				3FB8411B1D308C50002F5E56 /* Main.storyboard in Resources */,
			);
			runOnlyForDeploymentPostprocessing = 0;
		};
/* End PBXResourcesBuildPhase section */

/* Begin PBXSourcesBuildPhase section */
		3FB8410E1D308C50002F5E56 /* Sources */ = {
			isa = PBXSourcesBuildPhase;
			buildActionMask = 2147483647;
			files = (
				3FB841181D308C50002F5E56 /* ViewController.swift in Sources */,
				3F50B9211D34E95400D6D4A3 /* Either.swift in Sources */,
				3FB841161D308C50002F5E56 /* AppDelegate.swift in Sources */,
				3F50B9251D34E9E300D6D4A3 /* Ad.swift in Sources */,
				3F50B9231D34E96D00D6D4A3 /* Pizza.swift in Sources */,
				3F50B9271D34EA1100D6D4A3 /* Fixtures.swift in Sources */,
			);
			runOnlyForDeploymentPostprocessing = 0;
		};
/* End PBXSourcesBuildPhase section */

/* Begin PBXVariantGroup section */
		3FB841191D308C50002F5E56 /* Main.storyboard */ = {
			isa = PBXVariantGroup;
			children = (
				3FB8411A1D308C50002F5E56 /* Base */,
			);
			name = Main.storyboard;
			sourceTree = "<group>";
		};
		3FB8411E1D308C50002F5E56 /* LaunchScreen.storyboard */ = {
			isa = PBXVariantGroup;
			children = (
				3FB8411F1D308C50002F5E56 /* Base */,
			);
			name = LaunchScreen.storyboard;
			sourceTree = "<group>";
		};
/* End PBXVariantGroup section */

/* Begin XCBuildConfiguration section */
		3FB841221D308C50002F5E56 /* Debug */ = {
			isa = XCBuildConfiguration;
			buildSettings = {
				ALWAYS_SEARCH_USER_PATHS = NO;
				CLANG_ANALYZER_NONNULL = YES;
				CLANG_CXX_LANGUAGE_STANDARD = "gnu++0x";
				CLANG_CXX_LIBRARY = "libc++";
				CLANG_ENABLE_MODULES = YES;
				CLANG_ENABLE_OBJC_ARC = YES;
				CLANG_WARN_BOOL_CONVERSION = YES;
				CLANG_WARN_CONSTANT_CONVERSION = YES;
				CLANG_WARN_DIRECT_OBJC_ISA_USAGE = YES_ERROR;
				CLANG_WARN_EMPTY_BODY = YES;
				CLANG_WARN_ENUM_CONVERSION = YES;
				CLANG_WARN_INT_CONVERSION = YES;
				CLANG_WARN_OBJC_ROOT_CLASS = YES_ERROR;
				CLANG_WARN_UNREACHABLE_CODE = YES;
				CLANG_WARN__DUPLICATE_METHOD_MATCH = YES;
				"CODE_SIGN_IDENTITY[sdk=iphoneos*]" = "iPhone Developer";
				COPY_PHASE_STRIP = NO;
				DEBUG_INFORMATION_FORMAT = dwarf;
				ENABLE_STRICT_OBJC_MSGSEND = YES;
				ENABLE_TESTABILITY = YES;
				GCC_C_LANGUAGE_STANDARD = gnu99;
				GCC_DYNAMIC_NO_PIC = NO;
				GCC_NO_COMMON_BLOCKS = YES;
				GCC_OPTIMIZATION_LEVEL = 0;
				GCC_PREPROCESSOR_DEFINITIONS = (
					"DEBUG=1",
					"$(inherited)",
				);
				GCC_WARN_64_TO_32_BIT_CONVERSION = YES;
				GCC_WARN_ABOUT_RETURN_TYPE = YES_ERROR;
				GCC_WARN_UNDECLARED_SELECTOR = YES;
				GCC_WARN_UNINITIALIZED_AUTOS = YES_AGGRESSIVE;
				GCC_WARN_UNUSED_FUNCTION = YES;
				GCC_WARN_UNUSED_VARIABLE = YES;
				IPHONEOS_DEPLOYMENT_TARGET = 9.3;
				MTL_ENABLE_DEBUG_INFO = YES;
				ONLY_ACTIVE_ARCH = YES;
				SDKROOT = iphoneos;
				SWIFT_OPTIMIZATION_LEVEL = "-Onone";
				TARGETED_DEVICE_FAMILY = "1,2";
			};
			name = Debug;
		};
		3FB841231D308C50002F5E56 /* Release */ = {
			isa = XCBuildConfiguration;
			buildSettings = {
				ALWAYS_SEARCH_USER_PATHS = NO;
				CLANG_ANALYZER_NONNULL = YES;
				CLANG_CXX_LANGUAGE_STANDARD = "gnu++0x";
				CLANG_CXX_LIBRARY = "libc++";
				CLANG_ENABLE_MODULES = YES;
				CLANG_ENABLE_OBJC_ARC = YES;
				CLANG_WARN_BOOL_CONVERSION = YES;
				CLANG_WARN_CONSTANT_CONVERSION = YES;
				CLANG_WARN_DIRECT_OBJC_ISA_USAGE = YES_ERROR;
				CLANG_WARN_EMPTY_BODY = YES;
				CLANG_WARN_ENUM_CONVERSION = YES;
				CLANG_WARN_INT_CONVERSION = YES;
				CLANG_WARN_OBJC_ROOT_CLASS = YES_ERROR;
				CLANG_WARN_UNREACHABLE_CODE = YES;
				CLANG_WARN__DUPLICATE_METHOD_MATCH = YES;
				"CODE_SIGN_IDENTITY[sdk=iphoneos*]" = "iPhone Developer";
				COPY_PHASE_STRIP = NO;
				DEBUG_INFORMATION_FORMAT = "dwarf-with-dsym";
				ENABLE_NS_ASSERTIONS = NO;
				ENABLE_STRICT_OBJC_MSGSEND = YES;
				GCC_C_LANGUAGE_STANDARD = gnu99;
				GCC_NO_COMMON_BLOCKS = YES;
				GCC_WARN_64_TO_32_BIT_CONVERSION = YES;
				GCC_WARN_ABOUT_RETURN_TYPE = YES_ERROR;
				GCC_WARN_UNDECLARED_SELECTOR = YES;
				GCC_WARN_UNINITIALIZED_AUTOS = YES_AGGRESSIVE;
				GCC_WARN_UNUSED_FUNCTION = YES;
				GCC_WARN_UNUSED_VARIABLE = YES;
				IPHONEOS_DEPLOYMENT_TARGET = 9.3;
				MTL_ENABLE_DEBUG_INFO = NO;
				SDKROOT = iphoneos;
				TARGETED_DEVICE_FAMILY = "1,2";
				VALIDATE_PRODUCT = YES;
			};
			name = Release;
		};
		3FB841251D308C50002F5E56 /* Debug */ = {
			isa = XCBuildConfiguration;
			buildSettings = {
				ASSETCATALOG_COMPILER_APPICON_NAME = AppIcon;
				INFOPLIST_FILE = TableViewEither/Info.plist;
				LD_RUNPATH_SEARCH_PATHS = "$(inherited) @executable_path/Frameworks";
				PRODUCT_BUNDLE_IDENTIFIER = com.mokagio.TableViewEither;
				PRODUCT_NAME = "$(TARGET_NAME)";
				SWIFT_VERSION = 3.0;
			};
			name = Debug;
		};
		3FB841261D308C50002F5E56 /* Release */ = {
			isa = XCBuildConfiguration;
			buildSettings = {
				ASSETCATALOG_COMPILER_APPICON_NAME = AppIcon;
				INFOPLIST_FILE = TableViewEither/Info.plist;
				LD_RUNPATH_SEARCH_PATHS = "$(inherited) @executable_path/Frameworks";
				PRODUCT_BUNDLE_IDENTIFIER = com.mokagio.TableViewEither;
				PRODUCT_NAME = "$(TARGET_NAME)";
				SWIFT_VERSION = 3.0;
			};
			name = Release;
		};
/* End XCBuildConfiguration section */

/* Begin XCConfigurationList section */
		3FB8410D1D308C50002F5E56 /* Build configuration list for PBXProject "TableViewEither" */ = {
			isa = XCConfigurationList;
			buildConfigurations = (
				3FB841221D308C50002F5E56 /* Debug */,
				3FB841231D308C50002F5E56 /* Release */,
			);
			defaultConfigurationIsVisible = 0;
			defaultConfigurationName = Release;
		};
		3FB841241D308C50002F5E56 /* Build configuration list for PBXNativeTarget "TableViewEither" */ = {
			isa = XCConfigurationList;
			buildConfigurations = (
				3FB841251D308C50002F5E56 /* Debug */,
				3FB841261D308C50002F5E56 /* Release */,
			);
			defaultConfigurationIsVisible = 0;
			defaultConfigurationName = Release;
		};
/* End XCConfigurationList section */
	};
	rootObject = 3FB8410A1D308C50002F5E56 /* Project object */;
}
